
Microsoft Visual Studio Solution File, Format Version 12.00
# Visual Studio Version 16
VisualStudioVersion = 16.0.31624.102
MinimumVisualStudioVersion = 10.0.40219.1
Project("{FAE04EC0-301F-11D3-BF4B-00C04F79EFBC}") = "filestats", "filestats\filestats.csproj", "{DFE8F841-D4EF-4912-882B-29D9CA27E0A8}"
EndProject
Global
	GlobalSection(SolutionConfigurationPlatforms) = preSolution
		Debug|Any CPU = Debug|Any CPU
		Release|Any CPU = Release|Any CPU
	EndGlobalSection
	GlobalSection(ProjectConfigurationPlatforms) = postSolution
		{DFE8F841-D4EF-4912-882B-29D9CA27E0A8}.Debug|Any CPU.ActiveCfg = Debug|Any CPU
		{DFE8F841-D4EF-4912-882B-29D9CA27E0A8}.Debug|Any CPU.Build.0 = Debug|Any CPU
		{DFE8F841-D4EF-4912-882B-29D9CA27E0A8}.Release|Any CPU.ActiveCfg = Release|Any CPU
		{DFE8F841-D4EF-4912-882B-29D9CA27E0A8}.Release|Any CPU.Build.0 = Release|Any CPU
	EndGlobalSection
	GlobalSection(SolutionProperties) = preSolution
		HideSolutionNode = FALSE
	EndGlobalSection
	GlobalSection(ExtensibilityGlobals) = postSolution
		SolutionGuid = {4D303ACD-6220-4971-A3F0-503A1D2F50D3}
	EndGlobalSection
EndGlobal
